
Microsoft Visual Studio Solution File, Format Version 12.00
# Visual Studio Version 17
VisualStudioVersion = 17.1.32210.238
MinimumVisualStudioVersion = 10.0.40219.1
Project("{9A19103F-16F7-4668-BE54-9A1E7A4F7556}") = "project-euler", "project-euler\project-euler.csproj", "{34D3739B-20DA-4698-B265-A09EBF19F176}"
EndProject
Global
	GlobalSection(SolutionConfigurationPlatforms) = preSolution
		Debug|Any CPU = Debug|Any CPU
		Release|Any CPU = Release|Any CPU
	EndGlobalSection
	GlobalSection(ProjectConfigurationPlatforms) = postSolution
		{34D3739B-20DA-4698-B265-A09EBF19F176}.Debug|Any CPU.ActiveCfg = Debug|Any CPU
		{34D3739B-20DA-4698-B265-A09EBF19F176}.Debug|Any CPU.Build.0 = Debug|Any CPU
		{34D3739B-20DA-4698-B265-A09EBF19F176}.Release|Any CPU.ActiveCfg = Release|Any CPU
		{34D3739B-20DA-4698-B265-A09EBF19F176}.Release|Any CPU.Build.0 = Release|Any CPU
	EndGlobalSection
	GlobalSection(SolutionProperties) = preSolution
		HideSolutionNode = FALSE
	EndGlobalSection
	GlobalSection(ExtensibilityGlobals) = postSolution
		SolutionGuid = {E6351648-DBA2-4491-8422-CCAE4FCC5E32}
	EndGlobalSection
EndGlobal
